
Microsoft Visual Studio Solution File, Format Version 11.00
# Visual C++ Express 2010
Project("{8BC9CEB8-8B4A-11D0-8D11-00A0C91BC942}") = "SAMS", "SAMS\SAMS.vcxproj", "{3E696312-3480-83C1-EDFF-B3CD0C4B3A75}"
EndProject
Project("{8BC9CEB8-8B4A-11D0-8D11-00A0C91BC942}") = "SAMS_ng", "SAMS_ng\SAMS_ng.vcxproj", "{9462C8E9-2804-D730-59FD-AB18E5CC86F0}"
EndProject
Global
	GlobalSection(SolutionConfigurationPlatforms) = preSolution
		Debug (DL)|Win32 = Debug (DL)|Win32
		Debug (DL)|x64 = Debug (DL)|x64
		Debug|Win32 = Debug|Win32
		Debug|x64 = Debug|x64
		DLL Release|Win32 = DLL Release|Win32
		DLL Release|x64 = DLL Release|x64
		Release|Win32 = Release|Win32
		Release|x64 = Release|x64
	EndGlobalSection
	GlobalSection(ProjectConfigurationPlatforms) = postSolution
		{3E696312-3480-83C1-EDFF-B3CD0C4B3A75}.Debug (DL)|Win32.ActiveCfg = Debug (DL)|Win32
		{3E696312-3480-83C1-EDFF-B3CD0C4B3A75}.Debug (DL)|Win32.Build.0 = Debug (DL)|Win32
		{3E696312-3480-83C1-EDFF-B3CD0C4B3A75}.Debug (DL)|x64.ActiveCfg = Debug (DL)|x64
		{3E696312-3480-83C1-EDFF-B3CD0C4B3A75}.Debug (DL)|x64.Build.0 = Debug (DL)|x64
		{3E696312-3480-83C1-EDFF-B3CD0C4B3A75}.Debug|Win32.ActiveCfg = Debug|Win32
		{3E696312-3480-83C1-EDFF-B3CD0C4B3A75}.Debug|Win32.Build.0 = Debug|Win32
		{3E696312-3480-83C1-EDFF-B3CD0C4B3A75}.Debug|x64.ActiveCfg = Debug|x64
		{3E696312-3480-83C1-EDFF-B3CD0C4B3A75}.Debug|x64.Build.0 = Debug|x64
		{3E696312-3480-83C1-EDFF-B3CD0C4B3A75}.DLL Release|Win32.ActiveCfg = DLL Release|Win32
		{3E696312-3480-83C1-EDFF-B3CD0C4B3A75}.DLL Release|Win32.Build.0 = DLL Release|Win32
		{3E696312-3480-83C1-EDFF-B3CD0C4B3A75}.DLL Release|x64.ActiveCfg = DLL Release|x64
		{3E696312-3480-83C1-EDFF-B3CD0C4B3A75}.DLL Release|x64.Build.0 = DLL Release|x64
		{3E696312-3480-83C1-EDFF-B3CD0C4B3A75}.Release|Win32.ActiveCfg = Release|Win32
		{3E696312-3480-83C1-EDFF-B3CD0C4B3A75}.Release|Win32.Build.0 = Release|Win32
		{3E696312-3480-83C1-EDFF-B3CD0C4B3A75}.Release|x64.ActiveCfg = Release|x64
		{3E696312-3480-83C1-EDFF-B3CD0C4B3A75}.Release|x64.Build.0 = Release|x64
		{9462C8E9-2804-D730-59FD-AB18E5CC86F0}.Debug (DL)|Win32.ActiveCfg = Debug (DL)|Win32
		{9462C8E9-2804-D730-59FD-AB18E5CC86F0}.Debug (DL)|Win32.Build.0 = Debug (DL)|Win32
		{9462C8E9-2804-D730-59FD-AB18E5CC86F0}.Debug (DL)|x64.ActiveCfg = Debug (DL)|x64
		{9462C8E9-2804-D730-59FD-AB18E5CC86F0}.Debug (DL)|x64.Build.0 = Debug (DL)|x64
		{9462C8E9-2804-D730-59FD-AB18E5CC86F0}.Debug|Win32.ActiveCfg = Debug|Win32
		{9462C8E9-2804-D730-59FD-AB18E5CC86F0}.Debug|Win32.Build.0 = Debug|Win32
		{9462C8E9-2804-D730-59FD-AB18E5CC86F0}.Debug|x64.ActiveCfg = Debug|x64
		{9462C8E9-2804-D730-59FD-AB18E5CC86F0}.Debug|x64.Build.0 = Debug|x64
		{9462C8E9-2804-D730-59FD-AB18E5CC86F0}.DLL Release|Win32.ActiveCfg = DLL Release|Win32
		{9462C8E9-2804-D730-59FD-AB18E5CC86F0}.DLL Release|Win32.Build.0 = DLL Release|Win32
		{9462C8E9-2804-D730-59FD-AB18E5CC86F0}.DLL Release|x64.ActiveCfg = DLL Release|x64
		{9462C8E9-2804-D730-59FD-AB18E5CC86F0}.DLL Release|x64.Build.0 = DLL Release|x64
		{9462C8E9-2804-D730-59FD-AB18E5CC86F0}.Release|Win32.ActiveCfg = Release|Win32
		{9462C8E9-2804-D730-59FD-AB18E5CC86F0}.Release|Win32.Build.0 = Release|Win32
		{9462C8E9-2804-D730-59FD-AB18E5CC86F0}.Release|x64.ActiveCfg = Release|x64
		{9462C8E9-2804-D730-59FD-AB18E5CC86F0}.Release|x64.Build.0 = Release|x64
	EndGlobalSection
	GlobalSection(SolutionProperties) = preSolution
		HideSolutionNode = FALSE
	EndGlobalSection
EndGlobal
